// !$*UTF8*$!
{
	archiveVersion = 1;
	classes = {
	};
	objectVersion = 51;
	objects = {

/* Begin PBXBuildFile section */
		4518F1DA3957B6798ED8AD3F /* Pods_totp_generator.framework in Frameworks */ = {isa = PBXBuildFile; fileRef = 932375F4C182A04D83966A4F /* Pods_totp_generator.framework */; };
		B5F13DBA07B31F879E516F53 /* Pods_totp_generatorTests.framework in Frameworks */ = {isa = PBXBuildFile; fileRef = 530919F8739879C17F252675 /* Pods_totp_generatorTests.framework */; };
		D4993C6D97FB6F0564D450E7 /* Pods_totp_generator_totp_generatorUITests.framework in Frameworks */ = {isa = PBXBuildFile; fileRef = 8A5DF4F74B5929A5E47DA8CE /* Pods_totp_generator_totp_generatorUITests.framework */; };
		DD47982225EC2540003CF6AE /* ItemPropertyTextField.swift in Sources */ = {isa = PBXBuildFile; fileRef = DD47982125EC2540003CF6AE /* ItemPropertyTextField.swift */; };
		DDC6A01C25E96C5D00B0E330 /* AppDelegate.swift in Sources */ = {isa = PBXBuildFile; fileRef = DDC6A01B25E96C5D00B0E330 /* AppDelegate.swift */; };
		DDC6A01E25E96C6000B0E330 /* Assets.xcassets in Resources */ = {isa = PBXBuildFile; fileRef = DDC6A01D25E96C6000B0E330 /* Assets.xcassets */; };
		DDC6A02D25E96C6100B0E330 /* totp_generatorTests.swift in Sources */ = {isa = PBXBuildFile; fileRef = DDC6A02C25E96C6100B0E330 /* totp_generatorTests.swift */; };
		DDC6A03825E96C6100B0E330 /* totp_generatorUITests.swift in Sources */ = {isa = PBXBuildFile; fileRef = DDC6A03725E96C6100B0E330 /* totp_generatorUITests.swift */; };
		DDC6A04925E96D0200B0E330 /* StatusItemController.swift in Sources */ = {isa = PBXBuildFile; fileRef = DDC6A04825E96D0200B0E330 /* StatusItemController.swift */; };
		DDC6A05F25E9ACBC00B0E330 /* MainMenu.xib in Resources */ = {isa = PBXBuildFile; fileRef = DDC6A05E25E9ACBC00B0E330 /* MainMenu.xib */; };
		DDC6A06425E9B03D00B0E330 /* StatusItemPopOverContentViewController.swift in Sources */ = {isa = PBXBuildFile; fileRef = DDC6A06325E9B03D00B0E330 /* StatusItemPopOverContentViewController.swift */; };
		DDC6A06B25E9E5A900B0E330 /* Item.swift in Sources */ = {isa = PBXBuildFile; fileRef = DDC6A06A25E9E5A900B0E330 /* Item.swift */; };
		DDC6A07025E9E76700B0E330 /* TOTP.swift in Sources */ = {isa = PBXBuildFile; fileRef = DDC6A06F25E9E76700B0E330 /* TOTP.swift */; };
		DDC6A09025EACA9300B0E330 /* MenuView.swift in Sources */ = {isa = PBXBuildFile; fileRef = DDC6A08F25EACA9300B0E330 /* MenuView.swift */; };
		DDC6A09925EAD37900B0E330 /* Extension.swift in Sources */ = {isa = PBXBuildFile; fileRef = DDC6A09825EAD37900B0E330 /* Extension.swift */; };
		DDC6A0A425EAE30000B0E330 /* AddItemController.swift in Sources */ = {isa = PBXBuildFile; fileRef = DDC6A0A325EAE30000B0E330 /* AddItemController.swift */; };
		DDC6A0AD25EAEB9500B0E330 /* StatusItemPopover.swift in Sources */ = {isa = PBXBuildFile; fileRef = DDC6A0AC25EAEB9500B0E330 /* StatusItemPopover.swift */; };
		DDC6A0B525EAEE1D00B0E330 /* AddItemPopover.swift in Sources */ = {isa = PBXBuildFile; fileRef = DDC6A0B425EAEE1D00B0E330 /* AddItemPopover.swift */; };
		DDC6A0C025EAFBE000B0E330 /* CustomButton.swift in Sources */ = {isa = PBXBuildFile; fileRef = DDC6A0BF25EAFBE000B0E330 /* CustomButton.swift */; };
		DDC6A0F425EB2ADF00B0E330 /* ItemScrollView.swift in Sources */ = {isa = PBXBuildFile; fileRef = DDC6A0F325EB2ADF00B0E330 /* ItemScrollView.swift */; };
		DDC6A0F925EB3D7400B0E330 /* ItemTableCellView.swift in Sources */ = {isa = PBXBuildFile; fileRef = DDC6A0F825EB3D7400B0E330 /* ItemTableCellView.swift */; };
/* End PBXBuildFile section */

/* Begin PBXContainerItemProxy section */
		DDC6A02925E96C6100B0E330 /* PBXContainerItemProxy */ = {
			isa = PBXContainerItemProxy;
			containerPortal = DDC6A01025E96C5D00B0E330 /* Project object */;
			proxyType = 1;
			remoteGlobalIDString = DDC6A01725E96C5D00B0E330;
			remoteInfo = totp_generator;
		};
		DDC6A03425E96C6100B0E330 /* PBXContainerItemProxy */ = {
			isa = PBXContainerItemProxy;
			containerPortal = DDC6A01025E96C5D00B0E330 /* Project object */;
			proxyType = 1;
			remoteGlobalIDString = DDC6A01725E96C5D00B0E330;
			remoteInfo = totp_generator;
		};
/* End PBXContainerItemProxy section */

/* Begin PBXFileReference section */
		4D00ADF14654AA588D4AFAEE /* Pods-totp_generator-totp_generatorUITests.release.xcconfig */ = {isa = PBXFileReference; includeInIndex = 1; lastKnownFileType = text.xcconfig; name = "Pods-totp_generator-totp_generatorUITests.release.xcconfig"; path = "Target Support Files/Pods-totp_generator-totp_generatorUITests/Pods-totp_generator-totp_generatorUITests.release.xcconfig"; sourceTree = "<group>"; };
		530919F8739879C17F252675 /* Pods_totp_generatorTests.framework */ = {isa = PBXFileReference; explicitFileType = wrapper.framework; includeInIndex = 0; path = Pods_totp_generatorTests.framework; sourceTree = BUILT_PRODUCTS_DIR; };
		5E0480A293CCC93AD926E110 /* Pods-totp_generatorTests.release.xcconfig */ = {isa = PBXFileReference; includeInIndex = 1; lastKnownFileType = text.xcconfig; name = "Pods-totp_generatorTests.release.xcconfig"; path = "Target Support Files/Pods-totp_generatorTests/Pods-totp_generatorTests.release.xcconfig"; sourceTree = "<group>"; };
		6524321CD03AC108B0DB2F67 /* Pods-totp_generator.release.xcconfig */ = {isa = PBXFileReference; includeInIndex = 1; lastKnownFileType = text.xcconfig; name = "Pods-totp_generator.release.xcconfig"; path = "Target Support Files/Pods-totp_generator/Pods-totp_generator.release.xcconfig"; sourceTree = "<group>"; };
		8A5DF4F74B5929A5E47DA8CE /* Pods_totp_generator_totp_generatorUITests.framework */ = {isa = PBXFileReference; explicitFileType = wrapper.framework; includeInIndex = 0; path = Pods_totp_generator_totp_generatorUITests.framework; sourceTree = BUILT_PRODUCTS_DIR; };
		932375F4C182A04D83966A4F /* Pods_totp_generator.framework */ = {isa = PBXFileReference; explicitFileType = wrapper.framework; includeInIndex = 0; path = Pods_totp_generator.framework; sourceTree = BUILT_PRODUCTS_DIR; };
		A57C38180254B9C43367AA41 /* Pods-totp_generator.debug.xcconfig */ = {isa = PBXFileReference; includeInIndex = 1; lastKnownFileType = text.xcconfig; name = "Pods-totp_generator.debug.xcconfig"; path = "Target Support Files/Pods-totp_generator/Pods-totp_generator.debug.xcconfig"; sourceTree = "<group>"; };
		B88FB2C0745957790C9F628D /* Pods-totp_generatorTests.debug.xcconfig */ = {isa = PBXFileReference; includeInIndex = 1; lastKnownFileType = text.xcconfig; name = "Pods-totp_generatorTests.debug.xcconfig"; path = "Target Support Files/Pods-totp_generatorTests/Pods-totp_generatorTests.debug.xcconfig"; sourceTree = "<group>"; };
		B92FABAEEB338DB2DE9D8EE5 /* Pods-totp_generator-totp_generatorUITests.debug.xcconfig */ = {isa = PBXFileReference; includeInIndex = 1; lastKnownFileType = text.xcconfig; name = "Pods-totp_generator-totp_generatorUITests.debug.xcconfig"; path = "Target Support Files/Pods-totp_generator-totp_generatorUITests/Pods-totp_generator-totp_generatorUITests.debug.xcconfig"; sourceTree = "<group>"; };
		DD47982125EC2540003CF6AE /* ItemPropertyTextField.swift */ = {isa = PBXFileReference; lastKnownFileType = sourcecode.swift; path = ItemPropertyTextField.swift; sourceTree = "<group>"; };
		DDC6A01825E96C5D00B0E330 /* totp_generator.app */ = {isa = PBXFileReference; explicitFileType = wrapper.application; includeInIndex = 0; path = totp_generator.app; sourceTree = BUILT_PRODUCTS_DIR; };
		DDC6A01B25E96C5D00B0E330 /* AppDelegate.swift */ = {isa = PBXFileReference; lastKnownFileType = sourcecode.swift; path = AppDelegate.swift; sourceTree = "<group>"; };
		DDC6A01D25E96C6000B0E330 /* Assets.xcassets */ = {isa = PBXFileReference; lastKnownFileType = folder.assetcatalog; path = Assets.xcassets; sourceTree = "<group>"; };
		DDC6A02225E96C6000B0E330 /* Info.plist */ = {isa = PBXFileReference; lastKnownFileType = text.plist.xml; path = Info.plist; sourceTree = "<group>"; };
		DDC6A02325E96C6000B0E330 /* totp_generator.entitlements */ = {isa = PBXFileReference; lastKnownFileType = text.plist.entitlements; path = totp_generator.entitlements; sourceTree = "<group>"; };
		DDC6A02825E96C6100B0E330 /* totp_generatorTests.xctest */ = {isa = PBXFileReference; explicitFileType = wrapper.cfbundle; includeInIndex = 0; path = totp_generatorTests.xctest; sourceTree = BUILT_PRODUCTS_DIR; };
		DDC6A02C25E96C6100B0E330 /* totp_generatorTests.swift */ = {isa = PBXFileReference; lastKnownFileType = sourcecode.swift; path = totp_generatorTests.swift; sourceTree = "<group>"; };
		DDC6A02E25E96C6100B0E330 /* Info.plist */ = {isa = PBXFileReference; lastKnownFileType = text.plist.xml; path = Info.plist; sourceTree = "<group>"; };
		DDC6A03325E96C6100B0E330 /* totp_generatorUITests.xctest */ = {isa = PBXFileReference; explicitFileType = wrapper.cfbundle; includeInIndex = 0; path = totp_generatorUITests.xctest; sourceTree = BUILT_PRODUCTS_DIR; };
		DDC6A03725E96C6100B0E330 /* totp_generatorUITests.swift */ = {isa = PBXFileReference; lastKnownFileType = sourcecode.swift; path = totp_generatorUITests.swift; sourceTree = "<group>"; };
		DDC6A03925E96C6100B0E330 /* Info.plist */ = {isa = PBXFileReference; lastKnownFileType = text.plist.xml; path = Info.plist; sourceTree = "<group>"; };
		DDC6A04825E96D0200B0E330 /* StatusItemController.swift */ = {isa = PBXFileReference; lastKnownFileType = sourcecode.swift; path = StatusItemController.swift; sourceTree = "<group>"; };
		DDC6A05E25E9ACBC00B0E330 /* MainMenu.xib */ = {isa = PBXFileReference; fileEncoding = 4; lastKnownFileType = file.xib; path = MainMenu.xib; sourceTree = "<group>"; };
		DDC6A06325E9B03D00B0E330 /* StatusItemPopOverContentViewController.swift */ = {isa = PBXFileReference; lastKnownFileType = sourcecode.swift; path = StatusItemPopOverContentViewController.swift; sourceTree = "<group>"; };
		DDC6A06A25E9E5A900B0E330 /* Item.swift */ = {isa = PBXFileReference; lastKnownFileType = sourcecode.swift; path = Item.swift; sourceTree = "<group>"; };
		DDC6A06F25E9E76700B0E330 /* TOTP.swift */ = {isa = PBXFileReference; lastKnownFileType = sourcecode.swift; path = TOTP.swift; sourceTree = "<group>"; };
		DDC6A08F25EACA9300B0E330 /* MenuView.swift */ = {isa = PBXFileReference; lastKnownFileType = sourcecode.swift; path = MenuView.swift; sourceTree = "<group>"; };
		DDC6A09825EAD37900B0E330 /* Extension.swift */ = {isa = PBXFileReference; lastKnownFileType = sourcecode.swift; path = Extension.swift; sourceTree = "<group>"; };
		DDC6A0A325EAE30000B0E330 /* AddItemController.swift */ = {isa = PBXFileReference; lastKnownFileType = sourcecode.swift; path = AddItemController.swift; sourceTree = "<group>"; };
		DDC6A0AC25EAEB9500B0E330 /* StatusItemPopover.swift */ = {isa = PBXFileReference; lastKnownFileType = sourcecode.swift; path = StatusItemPopover.swift; sourceTree = "<group>"; };
		DDC6A0B425EAEE1D00B0E330 /* AddItemPopover.swift */ = {isa = PBXFileReference; lastKnownFileType = sourcecode.swift; path = AddItemPopover.swift; sourceTree = "<group>"; };
		DDC6A0BF25EAFBE000B0E330 /* CustomButton.swift */ = {isa = PBXFileReference; lastKnownFileType = sourcecode.swift; path = CustomButton.swift; sourceTree = "<group>"; };
		DDC6A0F325EB2ADF00B0E330 /* ItemScrollView.swift */ = {isa = PBXFileReference; lastKnownFileType = sourcecode.swift; path = ItemScrollView.swift; sourceTree = "<group>"; };
		DDC6A0F825EB3D7400B0E330 /* ItemTableCellView.swift */ = {isa = PBXFileReference; lastKnownFileType = sourcecode.swift; path = ItemTableCellView.swift; sourceTree = "<group>"; };
/* End PBXFileReference section */

/* Begin PBXFrameworksBuildPhase section */
		DDC6A01525E96C5D00B0E330 /* Frameworks */ = {
			isa = PBXFrameworksBuildPhase;
			buildActionMask = 2147483647;
			files = (
				4518F1DA3957B6798ED8AD3F /* Pods_totp_generator.framework in Frameworks */,
			);
			runOnlyForDeploymentPostprocessing = 0;
		};
		DDC6A02525E96C6100B0E330 /* Frameworks */ = {
			isa = PBXFrameworksBuildPhase;
			buildActionMask = 2147483647;
			files = (
				B5F13DBA07B31F879E516F53 /* Pods_totp_generatorTests.framework in Frameworks */,
			);
			runOnlyForDeploymentPostprocessing = 0;
		};
		DDC6A03025E96C6100B0E330 /* Frameworks */ = {
			isa = PBXFrameworksBuildPhase;
			buildActionMask = 2147483647;
			files = (
				D4993C6D97FB6F0564D450E7 /* Pods_totp_generator_totp_generatorUITests.framework in Frameworks */,
			);
			runOnlyForDeploymentPostprocessing = 0;
		};
/* End PBXFrameworksBuildPhase section */

/* Begin PBXGroup section */
		12B0B216F1B1529780A91567 /* Frameworks */ = {
			isa = PBXGroup;
			children = (
				932375F4C182A04D83966A4F /* Pods_totp_generator.framework */,
				8A5DF4F74B5929A5E47DA8CE /* Pods_totp_generator_totp_generatorUITests.framework */,
				530919F8739879C17F252675 /* Pods_totp_generatorTests.framework */,
			);
			name = Frameworks;
			sourceTree = "<group>";
		};
		CC35F101889940DB756C5406 /* Pods */ = {
			isa = PBXGroup;
			children = (
				A57C38180254B9C43367AA41 /* Pods-totp_generator.debug.xcconfig */,
				6524321CD03AC108B0DB2F67 /* Pods-totp_generator.release.xcconfig */,
				B92FABAEEB338DB2DE9D8EE5 /* Pods-totp_generator-totp_generatorUITests.debug.xcconfig */,
				4D00ADF14654AA588D4AFAEE /* Pods-totp_generator-totp_generatorUITests.release.xcconfig */,
				B88FB2C0745957790C9F628D /* Pods-totp_generatorTests.debug.xcconfig */,
				5E0480A293CCC93AD926E110 /* Pods-totp_generatorTests.release.xcconfig */,
			);
			path = Pods;
			sourceTree = "<group>";
		};
		DDC6A00F25E96C5D00B0E330 = {
			isa = PBXGroup;
			children = (
				DDC6A01A25E96C5D00B0E330 /* totp_generator */,
				DDC6A02B25E96C6100B0E330 /* totp_generatorTests */,
				DDC6A03625E96C6100B0E330 /* totp_generatorUITests */,
				DDC6A01925E96C5D00B0E330 /* Products */,
				CC35F101889940DB756C5406 /* Pods */,
				12B0B216F1B1529780A91567 /* Frameworks */,
			);
			sourceTree = "<group>";
		};
		DDC6A01925E96C5D00B0E330 /* Products */ = {
			isa = PBXGroup;
			children = (
				DDC6A01825E96C5D00B0E330 /* totp_generator.app */,
				DDC6A02825E96C6100B0E330 /* totp_generatorTests.xctest */,
				DDC6A03325E96C6100B0E330 /* totp_generatorUITests.xctest */,
			);
			name = Products;
			sourceTree = "<group>";
		};
		DDC6A01A25E96C5D00B0E330 /* totp_generator */ = {
			isa = PBXGroup;
			children = (
				DDC6A0AB25EAEB6800B0E330 /* Popover */,
				DDC6A0A225EAE2D400B0E330 /* Controller */,
				DDC6A09725EAD35D00B0E330 /* Extension */,
				DDC6A08E25EACA7A00B0E330 /* View */,
				DDC6A06925E9E59700B0E330 /* Model */,
				DDC6A05E25E9ACBC00B0E330 /* MainMenu.xib */,
				DDC6A01B25E96C5D00B0E330 /* AppDelegate.swift */,
				DDC6A01D25E96C6000B0E330 /* Assets.xcassets */,
				DDC6A02225E96C6000B0E330 /* Info.plist */,
				DDC6A02325E96C6000B0E330 /* totp_generator.entitlements */,
			);
			path = totp_generator;
			sourceTree = "<group>";
		};
		DDC6A02B25E96C6100B0E330 /* totp_generatorTests */ = {
			isa = PBXGroup;
			children = (
				DDC6A02C25E96C6100B0E330 /* totp_generatorTests.swift */,
				DDC6A02E25E96C6100B0E330 /* Info.plist */,
			);
			path = totp_generatorTests;
			sourceTree = "<group>";
		};
		DDC6A03625E96C6100B0E330 /* totp_generatorUITests */ = {
			isa = PBXGroup;
			children = (
				DDC6A03725E96C6100B0E330 /* totp_generatorUITests.swift */,
				DDC6A03925E96C6100B0E330 /* Info.plist */,
			);
			path = totp_generatorUITests;
			sourceTree = "<group>";
		};
		DDC6A06925E9E59700B0E330 /* Model */ = {
			isa = PBXGroup;
			children = (
				DDC6A06A25E9E5A900B0E330 /* Item.swift */,
				DDC6A06F25E9E76700B0E330 /* TOTP.swift */,
			);
			path = Model;
			sourceTree = "<group>";
		};
		DDC6A08E25EACA7A00B0E330 /* View */ = {
			isa = PBXGroup;
			children = (
				DDC6A08F25EACA9300B0E330 /* MenuView.swift */,
				DDC6A0BF25EAFBE000B0E330 /* CustomButton.swift */,
				DDC6A0F325EB2ADF00B0E330 /* ItemScrollView.swift */,
				DDC6A0F825EB3D7400B0E330 /* ItemTableCellView.swift */,
				DD47982125EC2540003CF6AE /* ItemPropertyTextField.swift */,
			);
			path = View;
			sourceTree = "<group>";
		};
		DDC6A09725EAD35D00B0E330 /* Extension */ = {
			isa = PBXGroup;
			children = (
				DDC6A09825EAD37900B0E330 /* Extension.swift */,
			);
			path = Extension;
			sourceTree = "<group>";
		};
		DDC6A0A225EAE2D400B0E330 /* Controller */ = {
			isa = PBXGroup;
			children = (
				DDC6A04825E96D0200B0E330 /* StatusItemController.swift */,
				DDC6A06325E9B03D00B0E330 /* StatusItemPopOverContentViewController.swift */,
				DDC6A0A325EAE30000B0E330 /* AddItemController.swift */,
			);
			path = Controller;
			sourceTree = "<group>";
		};
		DDC6A0AB25EAEB6800B0E330 /* Popover */ = {
			isa = PBXGroup;
			children = (
				DDC6A0AC25EAEB9500B0E330 /* StatusItemPopover.swift */,
				DDC6A0B425EAEE1D00B0E330 /* AddItemPopover.swift */,
			);
			path = Popover;
			sourceTree = "<group>";
		};
/* End PBXGroup section */

/* Begin PBXNativeTarget section */
		DDC6A01725E96C5D00B0E330 /* totp_generator */ = {
			isa = PBXNativeTarget;
			buildConfigurationList = DDC6A03C25E96C6100B0E330 /* Build configuration list for PBXNativeTarget "totp_generator" */;
			buildPhases = (
				CC6319627E67CB86DC95D645 /* [CP] Check Pods Manifest.lock */,
				DDC6A01425E96C5D00B0E330 /* Sources */,
				DDC6A01525E96C5D00B0E330 /* Frameworks */,
				DDC6A01625E96C5D00B0E330 /* Resources */,
				A53E3BEAFE27CFBC2BEEDB8B /* [CP] Embed Pods Frameworks */,
			);
			buildRules = (
			);
			dependencies = (
			);
			name = totp_generator;
			productName = totp_generator;
			productReference = DDC6A01825E96C5D00B0E330 /* totp_generator.app */;
			productType = "com.apple.product-type.application";
		};
		DDC6A02725E96C6100B0E330 /* totp_generatorTests */ = {
			isa = PBXNativeTarget;
			buildConfigurationList = DDC6A03F25E96C6100B0E330 /* Build configuration list for PBXNativeTarget "totp_generatorTests" */;
			buildPhases = (
				AB6EC0F7B63D99A4D3064CF9 /* [CP] Check Pods Manifest.lock */,
				DDC6A02425E96C6100B0E330 /* Sources */,
				DDC6A02525E96C6100B0E330 /* Frameworks */,
				DDC6A02625E96C6100B0E330 /* Resources */,
			);
			buildRules = (
			);
			dependencies = (
				DDC6A02A25E96C6100B0E330 /* PBXTargetDependency */,
			);
			name = totp_generatorTests;
			productName = totp_generatorTests;
			productReference = DDC6A02825E96C6100B0E330 /* totp_generatorTests.xctest */;
			productType = "com.apple.product-type.bundle.unit-test";
		};
		DDC6A03225E96C6100B0E330 /* totp_generatorUITests */ = {
			isa = PBXNativeTarget;
			buildConfigurationList = DDC6A04225E96C6100B0E330 /* Build configuration list for PBXNativeTarget "totp_generatorUITests" */;
			buildPhases = (
				FE0E7AEF9DEDF247C208E919 /* [CP] Check Pods Manifest.lock */,
				DDC6A02F25E96C6100B0E330 /* Sources */,
				DDC6A03025E96C6100B0E330 /* Frameworks */,
				DDC6A03125E96C6100B0E330 /* Resources */,
				96DBEAD9BBB91C57BC6F3FC8 /* [CP] Embed Pods Frameworks */,
			);
			buildRules = (
			);
			dependencies = (
				DDC6A03525E96C6100B0E330 /* PBXTargetDependency */,
			);
			name = totp_generatorUITests;
			productName = totp_generatorUITests;
			productReference = DDC6A03325E96C6100B0E330 /* totp_generatorUITests.xctest */;
			productType = "com.apple.product-type.bundle.ui-testing";
		};
/* End PBXNativeTarget section */

/* Begin PBXProject section */
		DDC6A01025E96C5D00B0E330 /* Project object */ = {
			isa = PBXProject;
			attributes = {
				LastSwiftUpdateCheck = 1200;
				LastUpgradeCheck = 1200;
				TargetAttributes = {
					DDC6A01725E96C5D00B0E330 = {
						CreatedOnToolsVersion = 12.0.1;
					};
					DDC6A02725E96C6100B0E330 = {
						CreatedOnToolsVersion = 12.0.1;
						TestTargetID = DDC6A01725E96C5D00B0E330;
					};
					DDC6A03225E96C6100B0E330 = {
						CreatedOnToolsVersion = 12.0.1;
						TestTargetID = DDC6A01725E96C5D00B0E330;
					};
				};
			};
			buildConfigurationList = DDC6A01325E96C5D00B0E330 /* Build configuration list for PBXProject "totp_generator" */;
			compatibilityVersion = "Xcode 9.3";
			developmentRegion = en;
			hasScannedForEncodings = 0;
			knownRegions = (
				en,
				Base,
			);
			mainGroup = DDC6A00F25E96C5D00B0E330;
			productRefGroup = DDC6A01925E96C5D00B0E330 /* Products */;
			projectDirPath = "";
			projectRoot = "";
			targets = (
				DDC6A01725E96C5D00B0E330 /* totp_generator */,
				DDC6A02725E96C6100B0E330 /* totp_generatorTests */,
				DDC6A03225E96C6100B0E330 /* totp_generatorUITests */,
			);
		};
/* End PBXProject section */

/* Begin PBXResourcesBuildPhase section */
		DDC6A01625E96C5D00B0E330 /* Resources */ = {
			isa = PBXResourcesBuildPhase;
			buildActionMask = 2147483647;
			files = (
				DDC6A01E25E96C6000B0E330 /* Assets.xcassets in Resources */,
				DDC6A05F25E9ACBC00B0E330 /* MainMenu.xib in Resources */,
			);
			runOnlyForDeploymentPostprocessing = 0;
		};
		DDC6A02625E96C6100B0E330 /* Resources */ = {
			isa = PBXResourcesBuildPhase;
			buildActionMask = 2147483647;
			files = (
			);
			runOnlyForDeploymentPostprocessing = 0;
		};
		DDC6A03125E96C6100B0E330 /* Resources */ = {
			isa = PBXResourcesBuildPhase;
			buildActionMask = 2147483647;
			files = (
			);
			runOnlyForDeploymentPostprocessing = 0;
		};
/* End PBXResourcesBuildPhase section */

/* Begin PBXShellScriptBuildPhase section */
		96DBEAD9BBB91C57BC6F3FC8 /* [CP] Embed Pods Frameworks */ = {
			isa = PBXShellScriptBuildPhase;
			buildActionMask = 2147483647;
			files = (
			);
			inputFileListPaths = (
				"${PODS_ROOT}/Target Support Files/Pods-totp_generator-totp_generatorUITests/Pods-totp_generator-totp_generatorUITests-frameworks-${CONFIGURATION}-input-files.xcfilelist",
			);
			name = "[CP] Embed Pods Frameworks";
			outputFileListPaths = (
				"${PODS_ROOT}/Target Support Files/Pods-totp_generator-totp_generatorUITests/Pods-totp_generator-totp_generatorUITests-frameworks-${CONFIGURATION}-output-files.xcfilelist",
			);
			runOnlyForDeploymentPostprocessing = 0;
			shellPath = /bin/sh;
			shellScript = "\"${PODS_ROOT}/Target Support Files/Pods-totp_generator-totp_generatorUITests/Pods-totp_generator-totp_generatorUITests-frameworks.sh\"\n";
			showEnvVarsInLog = 0;
		};
		A53E3BEAFE27CFBC2BEEDB8B /* [CP] Embed Pods Frameworks */ = {
			isa = PBXShellScriptBuildPhase;
			buildActionMask = 2147483647;
			files = (
			);
			inputFileListPaths = (
				"${PODS_ROOT}/Target Support Files/Pods-totp_generator/Pods-totp_generator-frameworks-${CONFIGURATION}-input-files.xcfilelist",
			);
			name = "[CP] Embed Pods Frameworks";
			outputFileListPaths = (
				"${PODS_ROOT}/Target Support Files/Pods-totp_generator/Pods-totp_generator-frameworks-${CONFIGURATION}-output-files.xcfilelist",
			);
			runOnlyForDeploymentPostprocessing = 0;
			shellPath = /bin/sh;
			shellScript = "\"${PODS_ROOT}/Target Support Files/Pods-totp_generator/Pods-totp_generator-frameworks.sh\"\n";
			showEnvVarsInLog = 0;
		};
		AB6EC0F7B63D99A4D3064CF9 /* [CP] Check Pods Manifest.lock */ = {
			isa = PBXShellScriptBuildPhase;
			buildActionMask = 2147483647;
			files = (
			);
			inputFileListPaths = (
			);
			inputPaths = (
				"${PODS_PODFILE_DIR_PATH}/Podfile.lock",
				"${PODS_ROOT}/Manifest.lock",
			);
			name = "[CP] Check Pods Manifest.lock";
			outputFileListPaths = (
			);
			outputPaths = (
				"$(DERIVED_FILE_DIR)/Pods-totp_generatorTests-checkManifestLockResult.txt",
			);
			runOnlyForDeploymentPostprocessing = 0;
			shellPath = /bin/sh;
			shellScript = "diff \"${PODS_PODFILE_DIR_PATH}/Podfile.lock\" \"${PODS_ROOT}/Manifest.lock\" > /dev/null\nif [ $? != 0 ] ; then\n    # print error to STDERR\n    echo \"error: The sandbox is not in sync with the Podfile.lock. Run 'pod install' or update your CocoaPods installation.\" >&2\n    exit 1\nfi\n# This output is used by Xcode 'outputs' to avoid re-running this script phase.\necho \"SUCCESS\" > \"${SCRIPT_OUTPUT_FILE_0}\"\n";
			showEnvVarsInLog = 0;
		};
		CC6319627E67CB86DC95D645 /* [CP] Check Pods Manifest.lock */ = {
			isa = PBXShellScriptBuildPhase;
			buildActionMask = 2147483647;
			files = (
			);
			inputFileListPaths = (
			);
			inputPaths = (
				"${PODS_PODFILE_DIR_PATH}/Podfile.lock",
				"${PODS_ROOT}/Manifest.lock",
			);
			name = "[CP] Check Pods Manifest.lock";
			outputFileListPaths = (
			);
			outputPaths = (
				"$(DERIVED_FILE_DIR)/Pods-totp_generator-checkManifestLockResult.txt",
			);
			runOnlyForDeploymentPostprocessing = 0;
			shellPath = /bin/sh;
			shellScript = "diff \"${PODS_PODFILE_DIR_PATH}/Podfile.lock\" \"${PODS_ROOT}/Manifest.lock\" > /dev/null\nif [ $? != 0 ] ; then\n    # print error to STDERR\n    echo \"error: The sandbox is not in sync with the Podfile.lock. Run 'pod install' or update your CocoaPods installation.\" >&2\n    exit 1\nfi\n# This output is used by Xcode 'outputs' to avoid re-running this script phase.\necho \"SUCCESS\" > \"${SCRIPT_OUTPUT_FILE_0}\"\n";
			showEnvVarsInLog = 0;
		};
		FE0E7AEF9DEDF247C208E919 /* [CP] Check Pods Manifest.lock */ = {
			isa = PBXShellScriptBuildPhase;
			buildActionMask = 2147483647;
			files = (
			);
			inputFileListPaths = (
			);
			inputPaths = (
				"${PODS_PODFILE_DIR_PATH}/Podfile.lock",
				"${PODS_ROOT}/Manifest.lock",
			);
			name = "[CP] Check Pods Manifest.lock";
			outputFileListPaths = (
			);
			outputPaths = (
				"$(DERIVED_FILE_DIR)/Pods-totp_generator-totp_generatorUITests-checkManifestLockResult.txt",
			);
			runOnlyForDeploymentPostprocessing = 0;
			shellPath = /bin/sh;
			shellScript = "diff \"${PODS_PODFILE_DIR_PATH}/Podfile.lock\" \"${PODS_ROOT}/Manifest.lock\" > /dev/null\nif [ $? != 0 ] ; then\n    # print error to STDERR\n    echo \"error: The sandbox is not in sync with the Podfile.lock. Run 'pod install' or update your CocoaPods installation.\" >&2\n    exit 1\nfi\n# This output is used by Xcode 'outputs' to avoid re-running this script phase.\necho \"SUCCESS\" > \"${SCRIPT_OUTPUT_FILE_0}\"\n";
			showEnvVarsInLog = 0;
		};
/* End PBXShellScriptBuildPhase section */

/* Begin PBXSourcesBuildPhase section */
		DDC6A01425E96C5D00B0E330 /* Sources */ = {
			isa = PBXSourcesBuildPhase;
			buildActionMask = 2147483647;
			files = (
				DDC6A0F925EB3D7400B0E330 /* ItemTableCellView.swift in Sources */,
				DDC6A0F425EB2ADF00B0E330 /* ItemScrollView.swift in Sources */,
				DDC6A06B25E9E5A900B0E330 /* Item.swift in Sources */,
				DDC6A09025EACA9300B0E330 /* MenuView.swift in Sources */,
				DDC6A01C25E96C5D00B0E330 /* AppDelegate.swift in Sources */,
				DDC6A09925EAD37900B0E330 /* Extension.swift in Sources */,
				DDC6A04925E96D0200B0E330 /* StatusItemController.swift in Sources */,
				DDC6A06425E9B03D00B0E330 /* StatusItemPopOverContentViewController.swift in Sources */,
				DDC6A0A425EAE30000B0E330 /* AddItemController.swift in Sources */,
				DDC6A0C025EAFBE000B0E330 /* CustomButton.swift in Sources */,
				DDC6A07025E9E76700B0E330 /* TOTP.swift in Sources */,
				DDC6A0B525EAEE1D00B0E330 /* AddItemPopover.swift in Sources */,
				DDC6A0AD25EAEB9500B0E330 /* StatusItemPopover.swift in Sources */,
				DD47982225EC2540003CF6AE /* ItemPropertyTextField.swift in Sources */,
			);
			runOnlyForDeploymentPostprocessing = 0;
		};
		DDC6A02425E96C6100B0E330 /* Sources */ = {
			isa = PBXSourcesBuildPhase;
			buildActionMask = 2147483647;
			files = (
				DDC6A02D25E96C6100B0E330 /* totp_generatorTests.swift in Sources */,
			);
			runOnlyForDeploymentPostprocessing = 0;
		};
		DDC6A02F25E96C6100B0E330 /* Sources */ = {
			isa = PBXSourcesBuildPhase;
			buildActionMask = 2147483647;
			files = (
				DDC6A03825E96C6100B0E330 /* totp_generatorUITests.swift in Sources */,
			);
			runOnlyForDeploymentPostprocessing = 0;
		};
/* End PBXSourcesBuildPhase section */

/* Begin PBXTargetDependency section */
		DDC6A02A25E96C6100B0E330 /* PBXTargetDependency */ = {
			isa = PBXTargetDependency;
			target = DDC6A01725E96C5D00B0E330 /* totp_generator */;
			targetProxy = DDC6A02925E96C6100B0E330 /* PBXContainerItemProxy */;
		};
		DDC6A03525E96C6100B0E330 /* PBXTargetDependency */ = {
			isa = PBXTargetDependency;
			target = DDC6A01725E96C5D00B0E330 /* totp_generator */;
			targetProxy = DDC6A03425E96C6100B0E330 /* PBXContainerItemProxy */;
		};
/* End PBXTargetDependency section */

/* Begin XCBuildConfiguration section */
		DDC6A03A25E96C6100B0E330 /* Debug */ = {
			isa = XCBuildConfiguration;
			buildSettings = {
				ALWAYS_SEARCH_USER_PATHS = NO;
				CLANG_ANALYZER_NONNULL = YES;
				CLANG_ANALYZER_NUMBER_OBJECT_CONVERSION = YES_AGGRESSIVE;
				CLANG_CXX_LANGUAGE_STANDARD = "gnu++14";
				CLANG_CXX_LIBRARY = "libc++";
				CLANG_ENABLE_MODULES = YES;
				CLANG_ENABLE_OBJC_ARC = YES;
				CLANG_ENABLE_OBJC_WEAK = YES;
				CLANG_WARN_BLOCK_CAPTURE_AUTORELEASING = YES;
				CLANG_WARN_BOOL_CONVERSION = YES;
				CLANG_WARN_COMMA = YES;
				CLANG_WARN_CONSTANT_CONVERSION = YES;
				CLANG_WARN_DEPRECATED_OBJC_IMPLEMENTATIONS = YES;
				CLANG_WARN_DIRECT_OBJC_ISA_USAGE = YES_ERROR;
				CLANG_WARN_DOCUMENTATION_COMMENTS = YES;
				CLANG_WARN_EMPTY_BODY = YES;
				CLANG_WARN_ENUM_CONVERSION = YES;
				CLANG_WARN_INFINITE_RECURSION = YES;
				CLANG_WARN_INT_CONVERSION = YES;
				CLANG_WARN_NON_LITERAL_NULL_CONVERSION = YES;
				CLANG_WARN_OBJC_IMPLICIT_RETAIN_SELF = YES;
				CLANG_WARN_OBJC_LITERAL_CONVERSION = YES;
				CLANG_WARN_OBJC_ROOT_CLASS = YES_ERROR;
				CLANG_WARN_QUOTED_INCLUDE_IN_FRAMEWORK_HEADER = YES;
				CLANG_WARN_RANGE_LOOP_ANALYSIS = YES;
				CLANG_WARN_STRICT_PROTOTYPES = YES;
				CLANG_WARN_SUSPICIOUS_MOVE = YES;
				CLANG_WARN_UNGUARDED_AVAILABILITY = YES_AGGRESSIVE;
				CLANG_WARN_UNREACHABLE_CODE = YES;
				CLANG_WARN__DUPLICATE_METHOD_MATCH = YES;
				COPY_PHASE_STRIP = NO;
				DEBUG_INFORMATION_FORMAT = dwarf;
				ENABLE_STRICT_OBJC_MSGSEND = YES;
				ENABLE_TESTABILITY = YES;
				GCC_C_LANGUAGE_STANDARD = gnu11;
				GCC_DYNAMIC_NO_PIC = NO;
				GCC_NO_COMMON_BLOCKS = YES;
				GCC_OPTIMIZATION_LEVEL = 0;
				GCC_PREPROCESSOR_DEFINITIONS = (
					"DEBUG=1",
					"$(inherited)",
				);
				GCC_WARN_64_TO_32_BIT_CONVERSION = YES;
				GCC_WARN_ABOUT_RETURN_TYPE = YES_ERROR;
				GCC_WARN_UNDECLARED_SELECTOR = YES;
				GCC_WARN_UNINITIALIZED_AUTOS = YES_AGGRESSIVE;
				GCC_WARN_UNUSED_FUNCTION = YES;
				GCC_WARN_UNUSED_VARIABLE = YES;
				MACOSX_DEPLOYMENT_TARGET = 10.15;
				MTL_ENABLE_DEBUG_INFO = INCLUDE_SOURCE;
				MTL_FAST_MATH = YES;
				ONLY_ACTIVE_ARCH = YES;
				SDKROOT = macosx;
				SWIFT_ACTIVE_COMPILATION_CONDITIONS = DEBUG;
				SWIFT_OPTIMIZATION_LEVEL = "-Onone";
			};
			name = Debug;
		};
		DDC6A03B25E96C6100B0E330 /* Release */ = {
			isa = XCBuildConfiguration;
			buildSettings = {
				ALWAYS_SEARCH_USER_PATHS = NO;
				CLANG_ANALYZER_NONNULL = YES;
				CLANG_ANALYZER_NUMBER_OBJECT_CONVERSION = YES_AGGRESSIVE;
				CLANG_CXX_LANGUAGE_STANDARD = "gnu++14";
				CLANG_CXX_LIBRARY = "libc++";
				CLANG_ENABLE_MODULES = YES;
				CLANG_ENABLE_OBJC_ARC = YES;
				CLANG_ENABLE_OBJC_WEAK = YES;
				CLANG_WARN_BLOCK_CAPTURE_AUTORELEASING = YES;
				CLANG_WARN_BOOL_CONVERSION = YES;
				CLANG_WARN_COMMA = YES;
				CLANG_WARN_CONSTANT_CONVERSION = YES;
				CLANG_WARN_DEPRECATED_OBJC_IMPLEMENTATIONS = YES;
				CLANG_WARN_DIRECT_OBJC_ISA_USAGE = YES_ERROR;
				CLANG_WARN_DOCUMENTATION_COMMENTS = YES;
				CLANG_WARN_EMPTY_BODY = YES;
				CLANG_WARN_ENUM_CONVERSION = YES;
				CLANG_WARN_INFINITE_RECURSION = YES;
				CLANG_WARN_INT_CONVERSION = YES;
				CLANG_WARN_NON_LITERAL_NULL_CONVERSION = YES;
				CLANG_WARN_OBJC_IMPLICIT_RETAIN_SELF = YES;
				CLANG_WARN_OBJC_LITERAL_CONVERSION = YES;
				CLANG_WARN_OBJC_ROOT_CLASS = YES_ERROR;
				CLANG_WARN_QUOTED_INCLUDE_IN_FRAMEWORK_HEADER = YES;
				CLANG_WARN_RANGE_LOOP_ANALYSIS = YES;
				CLANG_WARN_STRICT_PROTOTYPES = YES;
				CLANG_WARN_SUSPICIOUS_MOVE = YES;
				CLANG_WARN_UNGUARDED_AVAILABILITY = YES_AGGRESSIVE;
				CLANG_WARN_UNREACHABLE_CODE = YES;
				CLANG_WARN__DUPLICATE_METHOD_MATCH = YES;
				COPY_PHASE_STRIP = NO;
				DEBUG_INFORMATION_FORMAT = "dwarf-with-dsym";
				ENABLE_NS_ASSERTIONS = NO;
				ENABLE_STRICT_OBJC_MSGSEND = YES;
				GCC_C_LANGUAGE_STANDARD = gnu11;
				GCC_NO_COMMON_BLOCKS = YES;
				GCC_WARN_64_TO_32_BIT_CONVERSION = YES;
				GCC_WARN_ABOUT_RETURN_TYPE = YES_ERROR;
				GCC_WARN_UNDECLARED_SELECTOR = YES;
				GCC_WARN_UNINITIALIZED_AUTOS = YES_AGGRESSIVE;
				GCC_WARN_UNUSED_FUNCTION = YES;
				GCC_WARN_UNUSED_VARIABLE = YES;
				MACOSX_DEPLOYMENT_TARGET = 10.15;
				MTL_ENABLE_DEBUG_INFO = NO;
				MTL_FAST_MATH = YES;
				SDKROOT = macosx;
				SWIFT_COMPILATION_MODE = wholemodule;
				SWIFT_OPTIMIZATION_LEVEL = "-O";
			};
			name = Release;
		};
		DDC6A03D25E96C6100B0E330 /* Debug */ = {
			isa = XCBuildConfiguration;
			baseConfigurationReference = A57C38180254B9C43367AA41 /* Pods-totp_generator.debug.xcconfig */;
			buildSettings = {
				ASSETCATALOG_COMPILER_APPICON_NAME = AppIcon;
				ASSETCATALOG_COMPILER_GLOBAL_ACCENT_COLOR_NAME = AccentColor;
				CODE_SIGN_ENTITLEMENTS = totp_generator/totp_generator.entitlements;
				CODE_SIGN_STYLE = Automatic;
				COMBINE_HIDPI_IMAGES = YES;
				INFOPLIST_FILE = totp_generator/Info.plist;
				LD_RUNPATH_SEARCH_PATHS = (
					"$(inherited)",
					"@executable_path/../Frameworks",
				);
				MACOSX_DEPLOYMENT_TARGET = 10.12;
				PRODUCT_BUNDLE_IDENTIFIER = "com.dong.totp-generator";
				PRODUCT_NAME = "$(TARGET_NAME)";
				SWIFT_VERSION = 5.0;
			};
			name = Debug;
		};
		DDC6A03E25E96C6100B0E330 /* Release */ = {
			isa = XCBuildConfiguration;
			baseConfigurationReference = 6524321CD03AC108B0DB2F67 /* Pods-totp_generator.release.xcconfig */;
			buildSettings = {
				ASSETCATALOG_COMPILER_APPICON_NAME = AppIcon;
				ASSETCATALOG_COMPILER_GLOBAL_ACCENT_COLOR_NAME = AccentColor;
				CODE_SIGN_ENTITLEMENTS = totp_generator/totp_generator.entitlements;
				CODE_SIGN_STYLE = Automatic;
				COMBINE_HIDPI_IMAGES = YES;
				INFOPLIST_FILE = totp_generator/Info.plist;
				LD_RUNPATH_SEARCH_PATHS = (
					"$(inherited)",
					"@executable_path/../Frameworks",
				);
				MACOSX_DEPLOYMENT_TARGET = 10.12;
				PRODUCT_BUNDLE_IDENTIFIER = "com.dong.totp-generator";
				PRODUCT_NAME = "$(TARGET_NAME)";
				SWIFT_VERSION = 5.0;
			};
			name = Release;
		};
		DDC6A04025E96C6100B0E330 /* Debug */ = {
			isa = XCBuildConfiguration;
			baseConfigurationReference = B88FB2C0745957790C9F628D /* Pods-totp_generatorTests.debug.xcconfig */;
			buildSettings = {
				ALWAYS_EMBED_SWIFT_STANDARD_LIBRARIES = YES;
				BUNDLE_LOADER = "$(TEST_HOST)";
				CODE_SIGN_STYLE = Automatic;
				COMBINE_HIDPI_IMAGES = YES;
				INFOPLIST_FILE = totp_generatorTests/Info.plist;
				LD_RUNPATH_SEARCH_PATHS = (
					"$(inherited)",
					"@executable_path/../Frameworks",
					"@loader_path/../Frameworks",
				);
				MACOSX_DEPLOYMENT_TARGET = 10.15;
				PRODUCT_BUNDLE_IDENTIFIER = "com.dong.totp-generatorTests";
				PRODUCT_NAME = "$(TARGET_NAME)";
				SWIFT_VERSION = 5.0;
				TEST_HOST = "$(BUILT_PRODUCTS_DIR)/totp_generator.app/Contents/MacOS/totp_generator";
			};
			name = Debug;
		};
		DDC6A04125E96C6100B0E330 /* Release */ = {
			isa = XCBuildConfiguration;
			baseConfigurationReference = 5E0480A293CCC93AD926E110 /* Pods-totp_generatorTests.release.xcconfig */;
			buildSettings = {
				ALWAYS_EMBED_SWIFT_STANDARD_LIBRARIES = YES;
				BUNDLE_LOADER = "$(TEST_HOST)";
				CODE_SIGN_STYLE = Automatic;
				COMBINE_HIDPI_IMAGES = YES;
				INFOPLIST_FILE = totp_generatorTests/Info.plist;
				LD_RUNPATH_SEARCH_PATHS = (
					"$(inherited)",
					"@executable_path/../Frameworks",
					"@loader_path/../Frameworks",
				);
				MACOSX_DEPLOYMENT_TARGET = 10.15;
				PRODUCT_BUNDLE_IDENTIFIER = "com.dong.totp-generatorTests";
				PRODUCT_NAME = "$(TARGET_NAME)";
				SWIFT_VERSION = 5.0;
				TEST_HOST = "$(BUILT_PRODUCTS_DIR)/totp_generator.app/Contents/MacOS/totp_generator";
			};
			name = Release;
		};
		DDC6A04325E96C6100B0E330 /* Debug */ = {
			isa = XCBuildConfiguration;
			baseConfigurationReference = B92FABAEEB338DB2DE9D8EE5 /* Pods-totp_generator-totp_generatorUITests.debug.xcconfig */;
			buildSettings = {
				ALWAYS_EMBED_SWIFT_STANDARD_LIBRARIES = YES;
				CODE_SIGN_STYLE = Automatic;
				COMBINE_HIDPI_IMAGES = YES;
				INFOPLIST_FILE = totp_generatorUITests/Info.plist;
				LD_RUNPATH_SEARCH_PATHS = (
					"$(inherited)",
					"@executable_path/../Frameworks",
					"@loader_path/../Frameworks",
				);
				PRODUCT_BUNDLE_IDENTIFIER = "com.dong.totp-generatorUITests";
				PRODUCT_NAME = "$(TARGET_NAME)";
				SWIFT_VERSION = 5.0;
				TEST_TARGET_NAME = totp_generator;
			};
			name = Debug;
		};
		DDC6A04425E96C6100B0E330 /* Release */ = {
			isa = XCBuildConfiguration;
			baseConfigurationReference = 4D00ADF14654AA588D4AFAEE /* Pods-totp_generator-totp_generatorUITests.release.xcconfig */;
			buildSettings = {
				ALWAYS_EMBED_SWIFT_STANDARD_LIBRARIES = YES;
				CODE_SIGN_STYLE = Automatic;
				COMBINE_HIDPI_IMAGES = YES;
				INFOPLIST_FILE = totp_generatorUITests/Info.plist;
				LD_RUNPATH_SEARCH_PATHS = (
					"$(inherited)",
					"@executable_path/../Frameworks",
					"@loader_path/../Frameworks",
				);
				PRODUCT_BUNDLE_IDENTIFIER = "com.dong.totp-generatorUITests";
				PRODUCT_NAME = "$(TARGET_NAME)";
				SWIFT_VERSION = 5.0;
				TEST_TARGET_NAME = totp_generator;
			};
			name = Release;
		};
/* End XCBuildConfiguration section */

/* Begin XCConfigurationList section */
		DDC6A01325E96C5D00B0E330 /* Build configuration list for PBXProject "totp_generator" */ = {
			isa = XCConfigurationList;
			buildConfigurations = (
				DDC6A03A25E96C6100B0E330 /* Debug */,
				DDC6A03B25E96C6100B0E330 /* Release */,
			);
			defaultConfigurationIsVisible = 0;
			defaultConfigurationName = Release;
		};
		DDC6A03C25E96C6100B0E330 /* Build configuration list for PBXNativeTarget "totp_generator" */ = {
			isa = XCConfigurationList;
			buildConfigurations = (
				DDC6A03D25E96C6100B0E330 /* Debug */,
				DDC6A03E25E96C6100B0E330 /* Release */,
			);
			defaultConfigurationIsVisible = 0;
			defaultConfigurationName = Release;
		};
		DDC6A03F25E96C6100B0E330 /* Build configuration list for PBXNativeTarget "totp_generatorTests" */ = {
			isa = XCConfigurationList;
			buildConfigurations = (
				DDC6A04025E96C6100B0E330 /* Debug */,
				DDC6A04125E96C6100B0E330 /* Release */,
			);
			defaultConfigurationIsVisible = 0;
			defaultConfigurationName = Release;
		};
		DDC6A04225E96C6100B0E330 /* Build configuration list for PBXNativeTarget "totp_generatorUITests" */ = {
			isa = XCConfigurationList;
			buildConfigurations = (
				DDC6A04325E96C6100B0E330 /* Debug */,
				DDC6A04425E96C6100B0E330 /* Release */,
			);
			defaultConfigurationIsVisible = 0;
			defaultConfigurationName = Release;
		};
/* End XCConfigurationList section */
	};
	rootObject = DDC6A01025E96C5D00B0E330 /* Project object */;
}
